
Microsoft Visual Studio Solution File, Format Version 12.00
# Visual Studio Version 17
VisualStudioVersion = 17.14.36202.13 d17.14
MinimumVisualStudioVersion = 10.0.40219.1
Project("{FAE04EC0-301F-11D3-BF4B-00C04F79EFBC}") = "Abstract Classes and Methods", "Abstract Classes and Methods.csproj", "{ECC4CE8C-DD70-4409-8624-A28D36F728F5}"
EndProject
Global
	GlobalSection(SolutionConfigurationPlatforms) = preSolution
		Debug|Any CPU = Debug|Any CPU
		Release|Any CPU = Release|Any CPU
	EndGlobalSection
	GlobalSection(ProjectConfigurationPlatforms) = postSolution
		{ECC4CE8C-DD70-4409-8624-A28D36F728F5}.Debug|Any CPU.ActiveCfg = Debug|Any CPU
		{ECC4CE8C-DD70-4409-8624-A28D36F728F5}.Debug|Any CPU.Build.0 = Debug|Any CPU
		{ECC4CE8C-DD70-4409-8624-A28D36F728F5}.Release|Any CPU.ActiveCfg = Release|Any CPU
		{ECC4CE8C-DD70-4409-8624-A28D36F728F5}.Release|Any CPU.Build.0 = Release|Any CPU
	EndGlobalSection
	GlobalSection(SolutionProperties) = preSolution
		HideSolutionNode = FALSE
	EndGlobalSection
	GlobalSection(ExtensibilityGlobals) = postSolution
		SolutionGuid = {8D4293E1-03A6-4D0B-AD41-F5DA9494F01B}
	EndGlobalSection
EndGlobal
