
Microsoft Visual Studio Solution File, Format Version 12.00
# Visual Studio Version 17
VisualStudioVersion = 17.14.36202.13 d17.14
MinimumVisualStudioVersion = 10.0.40219.1
Project("{FAE04EC0-301F-11D3-BF4B-00C04F79EFBC}") = "Interfaces", "Interfaces.csproj", "{49DFDF18-ACA0-4512-A29D-7C4F5E539AC4}"
EndProject
Global
	GlobalSection(SolutionConfigurationPlatforms) = preSolution
		Debug|Any CPU = Debug|Any CPU
		Release|Any CPU = Release|Any CPU
	EndGlobalSection
	GlobalSection(ProjectConfigurationPlatforms) = postSolution
		{49DFDF18-ACA0-4512-A29D-7C4F5E539AC4}.Debug|Any CPU.ActiveCfg = Debug|Any CPU
		{49DFDF18-ACA0-4512-A29D-7C4F5E539AC4}.Debug|Any CPU.Build.0 = Debug|Any CPU
		{49DFDF18-ACA0-4512-A29D-7C4F5E539AC4}.Release|Any CPU.ActiveCfg = Release|Any CPU
		{49DFDF18-ACA0-4512-A29D-7C4F5E539AC4}.Release|Any CPU.Build.0 = Release|Any CPU
	EndGlobalSection
	GlobalSection(SolutionProperties) = preSolution
		HideSolutionNode = FALSE
	EndGlobalSection
	GlobalSection(ExtensibilityGlobals) = postSolution
		SolutionGuid = {A37671FE-3A6C-4D58-AF93-CA303C87723C}
	EndGlobalSection
EndGlobal
